
Microsoft Visual Studio Solution File, Format Version 12.00
# Visual Studio Version 16
VisualStudioVersion = 16.0.29920.165
MinimumVisualStudioVersion = 10.0.40219.1
Project("{FAE04EC0-301F-11D3-BF4B-00C04F79EFBC}") = "FunctionAppTimerTestOne", "FunctionAppTimerTestOne\FunctionAppTimerTestOne.csproj", "{4F0F6456-5288-44B7-B850-4EE164A52868}"
EndProject
Global
	GlobalSection(SolutionConfigurationPlatforms) = preSolution
		Debug|Any CPU = Debug|Any CPU
		Release|Any CPU = Release|Any CPU
	EndGlobalSection
	GlobalSection(ProjectConfigurationPlatforms) = postSolution
		{4F0F6456-5288-44B7-B850-4EE164A52868}.Debug|Any CPU.ActiveCfg = Debug|Any CPU
		{4F0F6456-5288-44B7-B850-4EE164A52868}.Debug|Any CPU.Build.0 = Debug|Any CPU
		{4F0F6456-5288-44B7-B850-4EE164A52868}.Release|Any CPU.ActiveCfg = Release|Any CPU
		{4F0F6456-5288-44B7-B850-4EE164A52868}.Release|Any CPU.Build.0 = Release|Any CPU
	EndGlobalSection
	GlobalSection(SolutionProperties) = preSolution
		HideSolutionNode = FALSE
	EndGlobalSection
	GlobalSection(ExtensibilityGlobals) = postSolution
		SolutionGuid = {63459DA4-BD8F-41A6-9520-FE67FA2535ED}
	EndGlobalSection
EndGlobal
