
Microsoft Visual Studio Solution File, Format Version 12.00
# Visual Studio Version 16
VisualStudioVersion = 16.0.29920.165
MinimumVisualStudioVersion = 10.0.40219.1
Project("{FAE04EC0-301F-11D3-BF4B-00C04F79EFBC}") = "FunctionAppConceptPoor", "FunctionAppConceptPoor\FunctionAppConceptPoor.csproj", "{05D51941-448A-48E2-94BC-AB854B2FBB9A}"
EndProject
Global
	GlobalSection(SolutionConfigurationPlatforms) = preSolution
		Debug|Any CPU = Debug|Any CPU
		Release|Any CPU = Release|Any CPU
	EndGlobalSection
	GlobalSection(ProjectConfigurationPlatforms) = postSolution
		{05D51941-448A-48E2-94BC-AB854B2FBB9A}.Debug|Any CPU.ActiveCfg = Debug|Any CPU
		{05D51941-448A-48E2-94BC-AB854B2FBB9A}.Debug|Any CPU.Build.0 = Debug|Any CPU
		{05D51941-448A-48E2-94BC-AB854B2FBB9A}.Release|Any CPU.ActiveCfg = Release|Any CPU
		{05D51941-448A-48E2-94BC-AB854B2FBB9A}.Release|Any CPU.Build.0 = Release|Any CPU
	EndGlobalSection
	GlobalSection(SolutionProperties) = preSolution
		HideSolutionNode = FALSE
	EndGlobalSection
	GlobalSection(ExtensibilityGlobals) = postSolution
		SolutionGuid = {100AC1EC-C713-467A-A48A-6C1849FA64DD}
	EndGlobalSection
EndGlobal
